
Microsoft Visual Studio Solution File, Format Version 12.00
# Visual Studio Version 17
VisualStudioVersion = 17.3.32825.248
MinimumVisualStudioVersion = 10.0.40219.1
Project("{9A19103F-16F7-4668-BE54-9A1E7A4F7556}") = "HotelListing.API", "HotelListing.API\HotelListing.API.csproj", "{25BA5112-20D4-448E-ADE2-C9CA919C8DDE}"
EndProject
Project("{FAE04EC0-301F-11D3-BF4B-00C04F79EFBC}") = "HotelListing.API.Data", "HotelListing.Data\HotelListing.API.Data.csproj", "{C3484B03-6F80-4F4E-9B81-272DE1DD56DA}"
EndProject
Project("{FAE04EC0-301F-11D3-BF4B-00C04F79EFBC}") = "HotelListing.API.Core", "HotelListing.API.Core\HotelListing.API.Core.csproj", "{37DF0DD2-A4C7-4476-A487-E584508AB1D6}"
EndProject
Global
	GlobalSection(SolutionConfigurationPlatforms) = preSolution
		Debug|Any CPU = Debug|Any CPU
		Release|Any CPU = Release|Any CPU
	EndGlobalSection
	GlobalSection(ProjectConfigurationPlatforms) = postSolution
		{25BA5112-20D4-448E-ADE2-C9CA919C8DDE}.Debug|Any CPU.ActiveCfg = Debug|Any CPU
		{25BA5112-20D4-448E-ADE2-C9CA919C8DDE}.Debug|Any CPU.Build.0 = Debug|Any CPU
		{25BA5112-20D4-448E-ADE2-C9CA919C8DDE}.Release|Any CPU.ActiveCfg = Release|Any CPU
		{25BA5112-20D4-448E-ADE2-C9CA919C8DDE}.Release|Any CPU.Build.0 = Release|Any CPU
		{C3484B03-6F80-4F4E-9B81-272DE1DD56DA}.Debug|Any CPU.ActiveCfg = Debug|Any CPU
		{C3484B03-6F80-4F4E-9B81-272DE1DD56DA}.Debug|Any CPU.Build.0 = Debug|Any CPU
		{C3484B03-6F80-4F4E-9B81-272DE1DD56DA}.Release|Any CPU.ActiveCfg = Release|Any CPU
		{C3484B03-6F80-4F4E-9B81-272DE1DD56DA}.Release|Any CPU.Build.0 = Release|Any CPU
		{37DF0DD2-A4C7-4476-A487-E584508AB1D6}.Debug|Any CPU.ActiveCfg = Debug|Any CPU
		{37DF0DD2-A4C7-4476-A487-E584508AB1D6}.Debug|Any CPU.Build.0 = Debug|Any CPU
		{37DF0DD2-A4C7-4476-A487-E584508AB1D6}.Release|Any CPU.ActiveCfg = Release|Any CPU
		{37DF0DD2-A4C7-4476-A487-E584508AB1D6}.Release|Any CPU.Build.0 = Release|Any CPU
	EndGlobalSection
	GlobalSection(SolutionProperties) = preSolution
		HideSolutionNode = FALSE
	EndGlobalSection
	GlobalSection(ExtensibilityGlobals) = postSolution
		SolutionGuid = {B88218D1-9004-4427-A5C8-E3E27B7D50F1}
	EndGlobalSection
EndGlobal
